// !$*UTF8*$!
{
	archiveVersion = 1;
	classes = {
	};
	objectVersion = 46;
	objects = {

/* Begin PBXBuildFile section */
		900F56241E17A70900349E45 /* main.m in Sources */ = {isa = PBXBuildFile; fileRef = 900F56231E17A70900349E45 /* main.m */; };
		900F56271E17A70900349E45 /* AppDelegate.m in Sources */ = {isa = PBXBuildFile; fileRef = 900F56261E17A70900349E45 /* AppDelegate.m */; };
		900F562A1E17A70900349E45 /* ViewController.m in Sources */ = {isa = PBXBuildFile; fileRef = 900F56291E17A70900349E45 /* ViewController.m */; };
		900F562D1E17A70900349E45 /* Main.storyboard in Resources */ = {isa = PBXBuildFile; fileRef = 900F562B1E17A70900349E45 /* Main.storyboard */; };
		900F562F1E17A70900349E45 /* Assets.xcassets in Resources */ = {isa = PBXBuildFile; fileRef = 900F562E1E17A70900349E45 /* Assets.xcassets */; };
		900F56321E17A70900349E45 /* LaunchScreen.storyboard in Resources */ = {isa = PBXBuildFile; fileRef = 900F56301E17A70900349E45 /* LaunchScreen.storyboard */; };
		900F563E1E17ACD900349E45 /* image_1.jpg in Resources */ = {isa = PBXBuildFile; fileRef = 900F563A1E17ACD900349E45 /* image_1.jpg */; };
		900F563F1E17ACD900349E45 /* image_2.jpg in Resources */ = {isa = PBXBuildFile; fileRef = 900F563B1E17ACD900349E45 /* image_2.jpg */; };
		900F56401E17ACD900349E45 /* image_3.jpg in Resources */ = {isa = PBXBuildFile; fileRef = 900F563C1E17ACD900349E45 /* image_3.jpg */; };
		900F56411E17ACD900349E45 /* image_4.jpg in Resources */ = {isa = PBXBuildFile; fileRef = 900F563D1E17ACD900349E45 /* image_4.jpg */; };
		901D13881E18DF740085126F /* arrow_left.png in Resources */ = {isa = PBXBuildFile; fileRef = 901D13861E18DF740085126F /* arrow_left.png */; };
		901D13891E18DF740085126F /* arrow_rihgt.png in Resources */ = {isa = PBXBuildFile; fileRef = 901D13871E18DF740085126F /* arrow_rihgt.png */; };
		901D138C1E18E2A80085126F /* secondViewController.m in Sources */ = {isa = PBXBuildFile; fileRef = 901D138B1E18E2A80085126F /* secondViewController.m */; };
/* End PBXBuildFile section */

/* Begin PBXFileReference section */
		900F561F1E17A70900349E45 /* ScrollerView.app */ = {isa = PBXFileReference; explicitFileType = wrapper.application; includeInIndex = 0; path = ScrollerView.app; sourceTree = BUILT_PRODUCTS_DIR; };
		900F56231E17A70900349E45 /* main.m */ = {isa = PBXFileReference; lastKnownFileType = sourcecode.c.objc; path = main.m; sourceTree = "<group>"; };
		900F56251E17A70900349E45 /* AppDelegate.h */ = {isa = PBXFileReference; lastKnownFileType = sourcecode.c.h; path = AppDelegate.h; sourceTree = "<group>"; };
		900F56261E17A70900349E45 /* AppDelegate.m */ = {isa = PBXFileReference; lastKnownFileType = sourcecode.c.objc; path = AppDelegate.m; sourceTree = "<group>"; };
		900F56281E17A70900349E45 /* ViewController.h */ = {isa = PBXFileReference; lastKnownFileType = sourcecode.c.h; path = ViewController.h; sourceTree = "<group>"; };
		900F56291E17A70900349E45 /* ViewController.m */ = {isa = PBXFileReference; lastKnownFileType = sourcecode.c.objc; path = ViewController.m; sourceTree = "<group>"; };
		900F562C1E17A70900349E45 /* Base */ = {isa = PBXFileReference; lastKnownFileType = file.storyboard; name = Base; path = Base.lproj/Main.storyboard; sourceTree = "<group>"; };
		900F562E1E17A70900349E45 /* Assets.xcassets */ = {isa = PBXFileReference; lastKnownFileType = folder.assetcatalog; path = Assets.xcassets; sourceTree = "<group>"; };
		900F56311E17A70900349E45 /* Base */ = {isa = PBXFileReference; lastKnownFileType = file.storyboard; name = Base; path = Base.lproj/LaunchScreen.storyboard; sourceTree = "<group>"; };
		900F56331E17A70900349E45 /* Info.plist */ = {isa = PBXFileReference; lastKnownFileType = text.plist.xml; path = Info.plist; sourceTree = "<group>"; };
		900F563A1E17ACD900349E45 /* image_1.jpg */ = {isa = PBXFileReference; lastKnownFileType = image.jpeg; path = image_1.jpg; sourceTree = "<group>"; };
		900F563B1E17ACD900349E45 /* image_2.jpg */ = {isa = PBXFileReference; lastKnownFileType = image.jpeg; path = image_2.jpg; sourceTree = "<group>"; };
		900F563C1E17ACD900349E45 /* image_3.jpg */ = {isa = PBXFileReference; lastKnownFileType = image.jpeg; path = image_3.jpg; sourceTree = "<group>"; };
		900F563D1E17ACD900349E45 /* image_4.jpg */ = {isa = PBXFileReference; lastKnownFileType = image.jpeg; path = image_4.jpg; sourceTree = "<group>"; };
		901D13861E18DF740085126F /* arrow_left.png */ = {isa = PBXFileReference; lastKnownFileType = image.png; path = arrow_left.png; sourceTree = "<group>"; };
		901D13871E18DF740085126F /* arrow_rihgt.png */ = {isa = PBXFileReference; lastKnownFileType = image.png; path = arrow_rihgt.png; sourceTree = "<group>"; };
		901D138A1E18E2A80085126F /* secondViewController.h */ = {isa = PBXFileReference; fileEncoding = 4; lastKnownFileType = sourcecode.c.h; path = secondViewController.h; sourceTree = "<group>"; };
		901D138B1E18E2A80085126F /* secondViewController.m */ = {isa = PBXFileReference; fileEncoding = 4; lastKnownFileType = sourcecode.c.objc; path = secondViewController.m; sourceTree = "<group>"; };
/* End PBXFileReference section */

/* Begin PBXFrameworksBuildPhase section */
		900F561C1E17A70900349E45 /* Frameworks */ = {
			isa = PBXFrameworksBuildPhase;
			buildActionMask = 2147483647;
			files = (
			);
			runOnlyForDeploymentPostprocessing = 0;
		};
/* End PBXFrameworksBuildPhase section */

/* Begin PBXGroup section */
		900F56161E17A70900349E45 = {
			isa = PBXGroup;
			children = (
				900F56211E17A70900349E45 /* ScrollerView */,
				900F56201E17A70900349E45 /* Products */,
			);
			sourceTree = "<group>";
		};
		900F56201E17A70900349E45 /* Products */ = {
			isa = PBXGroup;
			children = (
				900F561F1E17A70900349E45 /* ScrollerView.app */,
			);
			name = Products;
			sourceTree = "<group>";
		};
		900F56211E17A70900349E45 /* ScrollerView */ = {
			isa = PBXGroup;
			children = (
				900F56391E17ACD900349E45 /* image */,
				900F56251E17A70900349E45 /* AppDelegate.h */,
				900F56261E17A70900349E45 /* AppDelegate.m */,
				900F56281E17A70900349E45 /* ViewController.h */,
				900F56291E17A70900349E45 /* ViewController.m */,
				901D138A1E18E2A80085126F /* secondViewController.h */,
				901D138B1E18E2A80085126F /* secondViewController.m */,
				900F562B1E17A70900349E45 /* Main.storyboard */,
				900F562E1E17A70900349E45 /* Assets.xcassets */,
				900F56301E17A70900349E45 /* LaunchScreen.storyboard */,
				900F56331E17A70900349E45 /* Info.plist */,
				900F56221E17A70900349E45 /* Supporting Files */,
			);
			path = ScrollerView;
			sourceTree = "<group>";
		};
		900F56221E17A70900349E45 /* Supporting Files */ = {
			isa = PBXGroup;
			children = (
				900F56231E17A70900349E45 /* main.m */,
			);
			name = "Supporting Files";
			sourceTree = "<group>";
		};
		900F56391E17ACD900349E45 /* image */ = {
			isa = PBXGroup;
			children = (
				901D13861E18DF740085126F /* arrow_left.png */,
				901D13871E18DF740085126F /* arrow_rihgt.png */,
				900F563A1E17ACD900349E45 /* image_1.jpg */,
				900F563B1E17ACD900349E45 /* image_2.jpg */,
				900F563C1E17ACD900349E45 /* image_3.jpg */,
				900F563D1E17ACD900349E45 /* image_4.jpg */,
			);
			name = image;
			path = ../image;
			sourceTree = "<group>";
		};
/* End PBXGroup section */

/* Begin PBXNativeTarget section */
		900F561E1E17A70900349E45 /* ScrollerView */ = {
			isa = PBXNativeTarget;
			buildConfigurationList = 900F56361E17A70900349E45 /* Build configuration list for PBXNativeTarget "ScrollerView" */;
			buildPhases = (
				900F561B1E17A70900349E45 /* Sources */,
				900F561C1E17A70900349E45 /* Frameworks */,
				900F561D1E17A70900349E45 /* Resources */,
			);
			buildRules = (
			);
			dependencies = (
			);
			name = ScrollerView;
			productName = ScrollerView;
			productReference = 900F561F1E17A70900349E45 /* ScrollerView.app */;
			productType = "com.apple.product-type.application";
		};
/* End PBXNativeTarget section */

/* Begin PBXProject section */
		900F56171E17A70900349E45 /* Project object */ = {
			isa = PBXProject;
			attributes = {
				LastUpgradeCheck = 0810;
				ORGANIZATIONNAME = EATING;
				TargetAttributes = {
					900F561E1E17A70900349E45 = {
						CreatedOnToolsVersion = 8.1;
						DevelopmentTeam = GP3GU62QQ3;
						ProvisioningStyle = Automatic;
					};
				};
			};
			buildConfigurationList = 900F561A1E17A70900349E45 /* Build configuration list for PBXProject "ScrollerView" */;
			compatibilityVersion = "Xcode 3.2";
			developmentRegion = English;
			hasScannedForEncodings = 0;
			knownRegions = (
				en,
				Base,
			);
			mainGroup = 900F56161E17A70900349E45;
			productRefGroup = 900F56201E17A70900349E45 /* Products */;
			projectDirPath = "";
			projectRoot = "";
			targets = (
				900F561E1E17A70900349E45 /* ScrollerView */,
			);
		};
/* End PBXProject section */

/* Begin PBXResourcesBuildPhase section */
		900F561D1E17A70900349E45 /* Resources */ = {
			isa = PBXResourcesBuildPhase;
			buildActionMask = 2147483647;
			files = (
				900F56321E17A70900349E45 /* LaunchScreen.storyboard in Resources */,
				900F56411E17ACD900349E45 /* image_4.jpg in Resources */,
				900F563E1E17ACD900349E45 /* image_1.jpg in Resources */,
				900F562F1E17A70900349E45 /* Assets.xcassets in Resources */,
				900F562D1E17A70900349E45 /* Main.storyboard in Resources */,
				900F563F1E17ACD900349E45 /* image_2.jpg in Resources */,
				901D13881E18DF740085126F /* arrow_left.png in Resources */,
				901D13891E18DF740085126F /* arrow_rihgt.png in Resources */,
				900F56401E17ACD900349E45 /* image_3.jpg in Resources */,
			);
			runOnlyForDeploymentPostprocessing = 0;
		};
/* End PBXResourcesBuildPhase section */

/* Begin PBXSourcesBuildPhase section */
		900F561B1E17A70900349E45 /* Sources */ = {
			isa = PBXSourcesBuildPhase;
			buildActionMask = 2147483647;
			files = (
				901D138C1E18E2A80085126F /* secondViewController.m in Sources */,
				900F562A1E17A70900349E45 /* ViewController.m in Sources */,
				900F56271E17A70900349E45 /* AppDelegate.m in Sources */,
				900F56241E17A70900349E45 /* main.m in Sources */,
			);
			runOnlyForDeploymentPostprocessing = 0;
		};
/* End PBXSourcesBuildPhase section */

/* Begin PBXVariantGroup section */
		900F562B1E17A70900349E45 /* Main.storyboard */ = {
			isa = PBXVariantGroup;
			children = (
				900F562C1E17A70900349E45 /* Base */,
			);
			name = Main.storyboard;
			sourceTree = "<group>";
		};
		900F56301E17A70900349E45 /* LaunchScreen.storyboard */ = {
			isa = PBXVariantGroup;
			children = (
				900F56311E17A70900349E45 /* Base */,
			);
			name = LaunchScreen.storyboard;
			sourceTree = "<group>";
		};
/* End PBXVariantGroup section */

/* Begin XCBuildConfiguration section */
		900F56341E17A70900349E45 /* Debug */ = {
			isa = XCBuildConfiguration;
			buildSettings = {
				ALWAYS_SEARCH_USER_PATHS = NO;
				CLANG_ANALYZER_NONNULL = YES;
				CLANG_CXX_LANGUAGE_STANDARD = "gnu++0x";
				CLANG_CXX_LIBRARY = "libc++";
				CLANG_ENABLE_MODULES = YES;
				CLANG_ENABLE_OBJC_ARC = YES;
				CLANG_WARN_BOOL_CONVERSION = YES;
				CLANG_WARN_CONSTANT_CONVERSION = YES;
				CLANG_WARN_DIRECT_OBJC_ISA_USAGE = YES_ERROR;
				CLANG_WARN_DOCUMENTATION_COMMENTS = YES;
				CLANG_WARN_EMPTY_BODY = YES;
				CLANG_WARN_ENUM_CONVERSION = YES;
				CLANG_WARN_INFINITE_RECURSION = YES;
				CLANG_WARN_INT_CONVERSION = YES;
				CLANG_WARN_OBJC_ROOT_CLASS = YES_ERROR;
				CLANG_WARN_SUSPICIOUS_MOVES = YES;
				CLANG_WARN_UNREACHABLE_CODE = YES;
				CLANG_WARN__DUPLICATE_METHOD_MATCH = YES;
				"CODE_SIGN_IDENTITY[sdk=iphoneos*]" = "iPhone Developer";
				COPY_PHASE_STRIP = NO;
				DEBUG_INFORMATION_FORMAT = dwarf;
				ENABLE_STRICT_OBJC_MSGSEND = YES;
				ENABLE_TESTABILITY = YES;
				GCC_C_LANGUAGE_STANDARD = gnu99;
				GCC_DYNAMIC_NO_PIC = NO;
				GCC_NO_COMMON_BLOCKS = YES;
				GCC_OPTIMIZATION_LEVEL = 0;
				GCC_PREPROCESSOR_DEFINITIONS = (
					"DEBUG=1",
					"$(inherited)",
				);
				GCC_WARN_64_TO_32_BIT_CONVERSION = YES;
				GCC_WARN_ABOUT_RETURN_TYPE = YES_ERROR;
				GCC_WARN_UNDECLARED_SELECTOR = YES;
				GCC_WARN_UNINITIALIZED_AUTOS = YES_AGGRESSIVE;
				GCC_WARN_UNUSED_FUNCTION = YES;
				GCC_WARN_UNUSED_VARIABLE = YES;
				IPHONEOS_DEPLOYMENT_TARGET = 10.1;
				MTL_ENABLE_DEBUG_INFO = YES;
				ONLY_ACTIVE_ARCH = YES;
				SDKROOT = iphoneos;
			};
			name = Debug;
		};
		900F56351E17A70900349E45 /* Release */ = {
			isa = XCBuildConfiguration;
			buildSettings = {
				ALWAYS_SEARCH_USER_PATHS = NO;
				CLANG_ANALYZER_NONNULL = YES;
				CLANG_CXX_LANGUAGE_STANDARD = "gnu++0x";
				CLANG_CXX_LIBRARY = "libc++";
				CLANG_ENABLE_MODULES = YES;
				CLANG_ENABLE_OBJC_ARC = YES;
				CLANG_WARN_BOOL_CONVERSION = YES;
				CLANG_WARN_CONSTANT_CONVERSION = YES;
				CLANG_WARN_DIRECT_OBJC_ISA_USAGE = YES_ERROR;
				CLANG_WARN_DOCUMENTATION_COMMENTS = YES;
				CLANG_WARN_EMPTY_BODY = YES;
				CLANG_WARN_ENUM_CONVERSION = YES;
				CLANG_WARN_INFINITE_RECURSION = YES;
				CLANG_WARN_INT_CONVERSION = YES;
				CLANG_WARN_OBJC_ROOT_CLASS = YES_ERROR;
				CLANG_WARN_SUSPICIOUS_MOVES = YES;
				CLANG_WARN_UNREACHABLE_CODE = YES;
				CLANG_WARN__DUPLICATE_METHOD_MATCH = YES;
				"CODE_SIGN_IDENTITY[sdk=iphoneos*]" = "iPhone Developer";
				COPY_PHASE_STRIP = NO;
				DEBUG_INFORMATION_FORMAT = "dwarf-with-dsym";
				ENABLE_NS_ASSERTIONS = NO;
				ENABLE_STRICT_OBJC_MSGSEND = YES;
				GCC_C_LANGUAGE_STANDARD = gnu99;
				GCC_NO_COMMON_BLOCKS = YES;
				GCC_WARN_64_TO_32_BIT_CONVERSION = YES;
				GCC_WARN_ABOUT_RETURN_TYPE = YES_ERROR;
				GCC_WARN_UNDECLARED_SELECTOR = YES;
				GCC_WARN_UNINITIALIZED_AUTOS = YES_AGGRESSIVE;
				GCC_WARN_UNUSED_FUNCTION = YES;
				GCC_WARN_UNUSED_VARIABLE = YES;
				IPHONEOS_DEPLOYMENT_TARGET = 10.1;
				MTL_ENABLE_DEBUG_INFO = NO;
				SDKROOT = iphoneos;
				VALIDATE_PRODUCT = YES;
			};
			name = Release;
		};
		900F56371E17A70900349E45 /* Debug */ = {
			isa = XCBuildConfiguration;
			buildSettings = {
				ASSETCATALOG_COMPILER_APPICON_NAME = AppIcon;
				DEVELOPMENT_TEAM = GP3GU62QQ3;
				INFOPLIST_FILE = ScrollerView/Info.plist;
				IPHONEOS_DEPLOYMENT_TARGET = 8.0;
				LD_RUNPATH_SEARCH_PATHS = "$(inherited) @executable_path/Frameworks";
				PRODUCT_BUNDLE_IDENTIFIER = eating.ScrollerView;
				PRODUCT_NAME = "$(TARGET_NAME)";
			};
			name = Debug;
		};
		900F56381E17A70900349E45 /* Release */ = {
			isa = XCBuildConfiguration;
			buildSettings = {
				ASSETCATALOG_COMPILER_APPICON_NAME = AppIcon;
				DEVELOPMENT_TEAM = GP3GU62QQ3;
				INFOPLIST_FILE = ScrollerView/Info.plist;
				IPHONEOS_DEPLOYMENT_TARGET = 8.0;
				LD_RUNPATH_SEARCH_PATHS = "$(inherited) @executable_path/Frameworks";
				PRODUCT_BUNDLE_IDENTIFIER = eating.ScrollerView;
				PRODUCT_NAME = "$(TARGET_NAME)";
			};
			name = Release;
		};
/* End XCBuildConfiguration section */

/* Begin XCConfigurationList section */
		900F561A1E17A70900349E45 /* Build configuration list for PBXProject "ScrollerView" */ = {
			isa = XCConfigurationList;
			buildConfigurations = (
				900F56341E17A70900349E45 /* Debug */,
				900F56351E17A70900349E45 /* Release */,
			);
			defaultConfigurationIsVisible = 0;
			defaultConfigurationName = Release;
		};
		900F56361E17A70900349E45 /* Build configuration list for PBXNativeTarget "ScrollerView" */ = {
			isa = XCConfigurationList;
			buildConfigurations = (
				900F56371E17A70900349E45 /* Debug */,
				900F56381E17A70900349E45 /* Release */,
			);
			defaultConfigurationIsVisible = 0;
			defaultConfigurationName = Release;
		};
/* End XCConfigurationList section */
	};
	rootObject = 900F56171E17A70900349E45 /* Project object */;
}
